
Microsoft Visual Studio Solution File, Format Version 12.00
# Visual Studio Version 17
VisualStudioVersion = 17.13.35825.156 d17.13
MinimumVisualStudioVersion = 10.0.40219.1
Project("{FAE04EC0-301F-11D3-BF4B-00C04F79EFBC}") = "CIE2_mvc2", "CIE2_mvc2\CIE2_mvc2.csproj", "{FBC5C518-C765-4FBD-9992-7B36D238F270}"
EndProject
Global
	GlobalSection(SolutionConfigurationPlatforms) = preSolution
		Debug|Any CPU = Debug|Any CPU
		Release|Any CPU = Release|Any CPU
	EndGlobalSection
	GlobalSection(ProjectConfigurationPlatforms) = postSolution
		{FBC5C518-C765-4FBD-9992-7B36D238F270}.Debug|Any CPU.ActiveCfg = Debug|Any CPU
		{FBC5C518-C765-4FBD-9992-7B36D238F270}.Debug|Any CPU.Build.0 = Debug|Any CPU
		{FBC5C518-C765-4FBD-9992-7B36D238F270}.Release|Any CPU.ActiveCfg = Release|Any CPU
		{FBC5C518-C765-4FBD-9992-7B36D238F270}.Release|Any CPU.Build.0 = Release|Any CPU
	EndGlobalSection
	GlobalSection(SolutionProperties) = preSolution
		HideSolutionNode = FALSE
	EndGlobalSection
	GlobalSection(ExtensibilityGlobals) = postSolution
		SolutionGuid = {F271997A-E5E4-4013-BBF6-7DB94C801776}
	EndGlobalSection
EndGlobal
